
Microsoft Visual Studio Solution File, Format Version 12.00
# Visual Studio 15
Project("{FAE04EC0-301F-11D3-BF4B-00C04F79EFBC}") = "NavMeshPlus", "NavMeshPlus.csproj", "{2AF264E8-BFF6-A3A7-D0B3-158C08DAA824}"
EndProject
Project("{FAE04EC0-301F-11D3-BF4B-00C04F79EFBC}") = "NavMeshPlusEditor", "NavMeshPlusEditor.csproj", "{42A2FA02-DF08-3E61-41A7-456E28FAD2A3}"
EndProject
Project("{FAE04EC0-301F-11D3-BF4B-00C04F79EFBC}") = "Assembly-CSharp", "Assembly-CSharp.csproj", "{3CD8F292-09B7-3D16-1652-1277CF62DE09}"
EndProject
Global
	GlobalSection(SolutionConfigurationPlatforms) = preSolution
		Debug|Any CPU = Debug|Any CPU
		Release|Any CPU = Release|Any CPU
	EndGlobalSection
	GlobalSection(ProjectConfigurationPlatforms) = postSolution
		{2AF264E8-BFF6-A3A7-D0B3-158C08DAA824}.Debug|Any CPU.ActiveCfg = Debug|Any CPU
		{2AF264E8-BFF6-A3A7-D0B3-158C08DAA824}.Debug|Any CPU.Build.0 = Debug|Any CPU
		{2AF264E8-BFF6-A3A7-D0B3-158C08DAA824}.Release|Any CPU.ActiveCfg = Release|Any CPU
		{2AF264E8-BFF6-A3A7-D0B3-158C08DAA824}.Release|Any CPU.Build.0 = Release|Any CPU
		{42A2FA02-DF08-3E61-41A7-456E28FAD2A3}.Debug|Any CPU.ActiveCfg = Debug|Any CPU
		{42A2FA02-DF08-3E61-41A7-456E28FAD2A3}.Debug|Any CPU.Build.0 = Debug|Any CPU
		{42A2FA02-DF08-3E61-41A7-456E28FAD2A3}.Release|Any CPU.ActiveCfg = Release|Any CPU
		{42A2FA02-DF08-3E61-41A7-456E28FAD2A3}.Release|Any CPU.Build.0 = Release|Any CPU
		{3CD8F292-09B7-3D16-1652-1277CF62DE09}.Debug|Any CPU.ActiveCfg = Debug|Any CPU
		{3CD8F292-09B7-3D16-1652-1277CF62DE09}.Debug|Any CPU.Build.0 = Debug|Any CPU
		{3CD8F292-09B7-3D16-1652-1277CF62DE09}.Release|Any CPU.ActiveCfg = Release|Any CPU
		{3CD8F292-09B7-3D16-1652-1277CF62DE09}.Release|Any CPU.Build.0 = Release|Any CPU
	EndGlobalSection
	GlobalSection(SolutionProperties) = preSolution
		HideSolutionNode = FALSE
	EndGlobalSection
EndGlobal
